
Microsoft Visual Studio Solution File, Format Version 12.00
# Visual Studio Version 17
VisualStudioVersion = 17.8.34309.116
MinimumVisualStudioVersion = 10.0.40219.1
Project("{8BC9CEB8-8B4A-11D0-8D11-00A0C91BC942}") = "main", "main.vcxproj", "{89A5EF5F-021E-4673-AFF8-597C12D6BCF5}"
EndProject
Global
	GlobalSection(SolutionConfigurationPlatforms) = preSolution
		Debug|ARM = Debug|ARM
		Debug|ARM64 = Debug|ARM64
		Release|ARM = Release|ARM
		Release|ARM64 = Release|ARM64
	EndGlobalSection
	GlobalSection(ProjectConfigurationPlatforms) = postSolution
		{89A5EF5F-021E-4673-AFF8-597C12D6BCF5}.Debug|ARM.ActiveCfg = Debug|ARM
		{89A5EF5F-021E-4673-AFF8-597C12D6BCF5}.Debug|ARM.Build.0 = Debug|ARM
		{89A5EF5F-021E-4673-AFF8-597C12D6BCF5}.Debug|ARM.Deploy.0 = Debug|ARM
		{89A5EF5F-021E-4673-AFF8-597C12D6BCF5}.Debug|ARM64.ActiveCfg = Debug|ARM64
		{89A5EF5F-021E-4673-AFF8-597C12D6BCF5}.Debug|ARM64.Build.0 = Debug|ARM64
		{89A5EF5F-021E-4673-AFF8-597C12D6BCF5}.Debug|ARM64.Deploy.0 = Debug|ARM64
		{89A5EF5F-021E-4673-AFF8-597C12D6BCF5}.Release|ARM.ActiveCfg = Release|ARM
		{89A5EF5F-021E-4673-AFF8-597C12D6BCF5}.Release|ARM.Build.0 = Release|ARM
		{89A5EF5F-021E-4673-AFF8-597C12D6BCF5}.Release|ARM.Deploy.0 = Release|ARM
		{89A5EF5F-021E-4673-AFF8-597C12D6BCF5}.Release|ARM64.ActiveCfg = Release|ARM64
		{89A5EF5F-021E-4673-AFF8-597C12D6BCF5}.Release|ARM64.Build.0 = Release|ARM64
		{89A5EF5F-021E-4673-AFF8-597C12D6BCF5}.Release|ARM64.Deploy.0 = Release|ARM64
	EndGlobalSection
	GlobalSection(SolutionProperties) = preSolution
		HideSolutionNode = FALSE
	EndGlobalSection
	GlobalSection(ExtensibilityGlobals) = postSolution
		SolutionGuid = {0F61E4CF-59C6-4358-AAB2-792A1678680E}
	EndGlobalSection
EndGlobal
